github.com/BurntSushi/toml v1.6.0 h1:dRaEfpa2VI55EwlIW72hMRHdWouJeRF7TPYhI+AUQjk=
github.com/BurntSushi/toml v1.6.0/go.mod h1:ukJfTF/6rtPPRCnwkur4qwRxa8vTRFBF0uk2lLoLwho=
github.com/pelletier/go-toml/v2 v2.3.1 h1:MYEvvGnQjeNkRF1qUuGolNtNExTDwct51yp7olPtrEc=
github.com/pelletier/go-toml/v2 v2.3.1/go.mod h1:2gIqNv+qfxSVS7cM2xJQKtLSTLUE9V8t9Stt+h56mCY=
github.com/wzhongyou/llmgate v0.3.0 h1:EaJY893IVihrUdoj/U9WNRTF6duGCDWAXeGNaqN0KNc=
github.com/wzhongyou/llmgate v0.3.0/go.mod h1:W8+EkLmSryWTEtJQpebYNBTM4Qh5rA6P/d5Z3kLr4QE=
